// !$*UTF8*$!
{
	archiveVersion = 1;
	classes = {
	};
	objectVersion = 70;
	objects = {

/* Begin PBXBuildFile section */
		2B39CDFE25E3290500E63EDD /* .swiftlint.yml in Resources */ = {isa = PBXBuildFile; fileRef = 2B39CDFD25E3290500E63EDD /* .swiftlint.yml */; };
		2B39CE3025E33B8600E63EDD /* String+Tests.swift in Sources */ = {isa = PBXBuildFile; fileRef = 2B39CE2F25E33B8600E63EDD /* String+Tests.swift */; };
		2F202C650254B1B74D428509 /* Application in Frameworks */ = {isa = PBXBuildFile; productRef = C4161CE79845667C7E2E40E5 /* Application */; };
		36AC71866FF7BA759E8FE221 /* Shared in Frameworks */ = {isa = PBXBuildFile; productRef = 044403415FC44B42884C3CA8 /* Shared */; };
		A8CF4819B8431F308DE62B53 /* Persistence in Frameworks */ = {isa = PBXBuildFile; productRef = 5A9B86A1C781E4B5B5D9C394 /* Persistence */; };
		C8102C9527CED7A600ABC77C /* Screenshots.swift in Sources */ = {isa = PBXBuildFile; fileRef = C8102C9327CED7A600ABC77C /* Screenshots.swift */; };
		C81B5DB62634703500CAC43F /* SnapshotHelper.swift in Sources */ = {isa = PBXBuildFile; fileRef = C81B5DB52634703500CAC43F /* SnapshotHelper.swift */; };
		C86F9CB725EA571700210F64 /* Success.wav in Resources */ = {isa = PBXBuildFile; fileRef = C86F9CB625EA571700210F64 /* Success.wav */; };
		C86F9CB925EA59BA00210F64 /* Tap.wav in Resources */ = {isa = PBXBuildFile; fileRef = C86F9CB825EA59BA00210F64 /* Tap.wav */; };
		C86F9CBB25EA5AE900210F64 /* Denied.wav in Resources */ = {isa = PBXBuildFile; fileRef = C86F9CBA25EA5AE900210F64 /* Denied.wav */; };
		C86F9CBE25EA604400210F64 /* Close.wav in Resources */ = {isa = PBXBuildFile; fileRef = C86F9CBC25EA604400210F64 /* Close.wav */; };
		C86F9CBF25EA604400210F64 /* Open.wav in Resources */ = {isa = PBXBuildFile; fileRef = C86F9CBD25EA604400210F64 /* Open.wav */; };
		C86F9CC225EA60C100210F64 /* OpenLong.wav in Resources */ = {isa = PBXBuildFile; fileRef = C86F9CC025EA60C100210F64 /* OpenLong.wav */; };
		C86F9CC325EA60C100210F64 /* CloseLong.wav in Resources */ = {isa = PBXBuildFile; fileRef = C86F9CC125EA60C100210F64 /* CloseLong.wav */; };
		C86F9CC925EA667F00210F64 /* CloudKit.framework in Frameworks */ = {isa = PBXBuildFile; fileRef = C86F9CC825EA667F00210F64 /* CloudKit.framework */; };
		C87A579D26037AD3002C6216 /* Model.sqlite-wal in Resources */ = {isa = PBXBuildFile; fileRef = C87A579A26037AD2002C6216 /* Model.sqlite-wal */; };
		C87A579E26037AD3002C6216 /* Model.sqlite-shm in Resources */ = {isa = PBXBuildFile; fileRef = C87A579B26037AD2002C6216 /* Model.sqlite-shm */; };
		C87A579F26037AD3002C6216 /* Model.sqlite in Resources */ = {isa = PBXBuildFile; fileRef = C87A579C26037AD3002C6216 /* Model.sqlite */; };
		C8A792D625E06642009B862D /* PrivateVaultApp.swift in Sources */ = {isa = PBXBuildFile; fileRef = C8A792D525E06642009B862D /* PrivateVaultApp.swift */; };
		C8A792DA25E06642009B862D /* Assets.xcassets in Resources */ = {isa = PBXBuildFile; fileRef = C8A792D925E06642009B862D /* Assets.xcassets */; };
		C8A792DD25E06642009B862D /* Preview Assets.xcassets in Resources */ = {isa = PBXBuildFile; fileRef = C8A792DC25E06642009B862D /* Preview Assets.xcassets */; };
		C8EFC331260010FA008E8CFA /* Media.xcassets in Resources */ = {isa = PBXBuildFile; fileRef = C8EFC330260010FA008E8CFA /* Media.xcassets */; };
		C8EFC333260010FA008E8CFA /* ActionViewController.swift in Sources */ = {isa = PBXBuildFile; fileRef = C8EFC332260010FA008E8CFA /* ActionViewController.swift */; };
		C8EFC33A260010FA008E8CFA /* PrivateVault Import Action.appex in Embed App Extensions */ = {isa = PBXBuildFile; fileRef = C8EFC32E260010FA008E8CFA /* PrivateVault Import Action.appex */; settings = {ATTRIBUTES = (RemoveHeadersOnCopy, ); }; };
		C8EFC36126001BAF008E8CFA /* Main.storyboard in Resources */ = {isa = PBXBuildFile; fileRef = C8EFC36026001BAF008E8CFA /* Main.storyboard */; };
/* End PBXBuildFile section */

/* Begin PBXContainerItemProxy section */
		2B39CE2825E33B5200E63EDD /* PBXContainerItemProxy */ = {
			isa = PBXContainerItemProxy;
			containerPortal = C8A792CA25E06642009B862D /* Project object */;
			proxyType = 1;
			remoteGlobalIDString = C8A792D125E06642009B862D;
			remoteInfo = PrivateVault;
		};
		C8DF066426340F2C00645E8C /* PBXContainerItemProxy */ = {
			isa = PBXContainerItemProxy;
			containerPortal = C8A792CA25E06642009B862D /* Project object */;
			proxyType = 1;
			remoteGlobalIDString = C8A792D125E06642009B862D;
			remoteInfo = PrivateVault;
		};
		C8EFC338260010FA008E8CFA /* PBXContainerItemProxy */ = {
			isa = PBXContainerItemProxy;
			containerPortal = C8A792CA25E06642009B862D /* Project object */;
			proxyType = 1;
			remoteGlobalIDString = C8EFC32D260010FA008E8CFA;
			remoteInfo = "PrivateVault Import Action";
		};
/* End PBXContainerItemProxy section */

/* Begin PBXCopyFilesBuildPhase section */
		C8EFC33B260010FA008E8CFA /* Embed App Extensions */ = {
			isa = PBXCopyFilesBuildPhase;
			buildActionMask = 2147483647;
			dstPath = "";
			dstSubfolderSpec = 13;
			files = (
				C8EFC33A260010FA008E8CFA /* PrivateVault Import Action.appex in Embed App Extensions */,
			);
			name = "Embed App Extensions";
			runOnlyForDeploymentPostprocessing = 0;
		};
/* End PBXCopyFilesBuildPhase section */

/* Begin PBXFileReference section */
		2B39CDFD25E3290500E63EDD /* .swiftlint.yml */ = {isa = PBXFileReference; fileEncoding = 4; lastKnownFileType = text.yaml; path = .swiftlint.yml; sourceTree = "<group>"; };
		2B39CE2325E33B5200E63EDD /* PrivateVaultTests.xctest */ = {isa = PBXFileReference; explicitFileType = wrapper.cfbundle; includeInIndex = 0; path = PrivateVaultTests.xctest; sourceTree = BUILT_PRODUCTS_DIR; };
		2B39CE2725E33B5200E63EDD /* Info.plist */ = {isa = PBXFileReference; lastKnownFileType = text.plist.xml; path = Info.plist; sourceTree = "<group>"; };
		2B39CE2F25E33B8600E63EDD /* String+Tests.swift */ = {isa = PBXFileReference; lastKnownFileType = sourcecode.swift; path = "String+Tests.swift"; sourceTree = "<group>"; };
		C8102C9327CED7A600ABC77C /* Screenshots.swift */ = {isa = PBXFileReference; fileEncoding = 4; lastKnownFileType = sourcecode.swift; path = Screenshots.swift; sourceTree = "<group>"; };
		C8102C9427CED7A600ABC77C /* Info.plist */ = {isa = PBXFileReference; fileEncoding = 4; lastKnownFileType = text.plist.xml; path = Info.plist; sourceTree = "<group>"; };
		C81B5DB52634703500CAC43F /* SnapshotHelper.swift */ = {isa = PBXFileReference; fileEncoding = 4; lastKnownFileType = sourcecode.swift; path = SnapshotHelper.swift; sourceTree = "<group>"; };
		C82FF3962610937C00726A22 /* LICENSE */ = {isa = PBXFileReference; lastKnownFileType = text; name = LICENSE; path = ../LICENSE; sourceTree = "<group>"; };
		C82FF3972610938400726A22 /* README.md */ = {isa = PBXFileReference; lastKnownFileType = net.daringfireball.markdown; name = README.md; path = ../README.md; sourceTree = "<group>"; };
		C83959C525E9D88C00521F83 /* PrivateVault.entitlements */ = {isa = PBXFileReference; lastKnownFileType = text.plist.entitlements; path = PrivateVault.entitlements; sourceTree = "<group>"; };
		C86F9CB625EA571700210F64 /* Success.wav */ = {isa = PBXFileReference; lastKnownFileType = audio.wav; path = Success.wav; sourceTree = "<group>"; };
		C86F9CB825EA59BA00210F64 /* Tap.wav */ = {isa = PBXFileReference; lastKnownFileType = audio.wav; path = Tap.wav; sourceTree = "<group>"; };
		C86F9CBA25EA5AE900210F64 /* Denied.wav */ = {isa = PBXFileReference; lastKnownFileType = audio.wav; path = Denied.wav; sourceTree = "<group>"; };
		C86F9CBC25EA604400210F64 /* Close.wav */ = {isa = PBXFileReference; lastKnownFileType = audio.wav; path = Close.wav; sourceTree = "<group>"; };
		C86F9CBD25EA604400210F64 /* Open.wav */ = {isa = PBXFileReference; lastKnownFileType = audio.wav; path = Open.wav; sourceTree = "<group>"; };
		C86F9CC025EA60C100210F64 /* OpenLong.wav */ = {isa = PBXFileReference; lastKnownFileType = audio.wav; path = OpenLong.wav; sourceTree = "<group>"; };
		C86F9CC125EA60C100210F64 /* CloseLong.wav */ = {isa = PBXFileReference; lastKnownFileType = audio.wav; path = CloseLong.wav; sourceTree = "<group>"; };
		C86F9CC825EA667F00210F64 /* CloudKit.framework */ = {isa = PBXFileReference; lastKnownFileType = wrapper.framework; name = CloudKit.framework; path = System/Library/Frameworks/CloudKit.framework; sourceTree = SDKROOT; };
		C87A579A26037AD2002C6216 /* Model.sqlite-wal */ = {isa = PBXFileReference; lastKnownFileType = file; path = "Model.sqlite-wal"; sourceTree = "<group>"; };
		C87A579B26037AD2002C6216 /* Model.sqlite-shm */ = {isa = PBXFileReference; lastKnownFileType = file; path = "Model.sqlite-shm"; sourceTree = "<group>"; };
		C87A579C26037AD3002C6216 /* Model.sqlite */ = {isa = PBXFileReference; lastKnownFileType = file; path = Model.sqlite; sourceTree = "<group>"; };
		C8A792D225E06642009B862D /* PrivateVault.app */ = {isa = PBXFileReference; explicitFileType = wrapper.application; includeInIndex = 0; path = PrivateVault.app; sourceTree = BUILT_PRODUCTS_DIR; };
		C8A792D525E06642009B862D /* PrivateVaultApp.swift */ = {isa = PBXFileReference; lastKnownFileType = sourcecode.swift; path = PrivateVaultApp.swift; sourceTree = "<group>"; };
		C8A792D925E06642009B862D /* Assets.xcassets */ = {isa = PBXFileReference; lastKnownFileType = folder.assetcatalog; path = Assets.xcassets; sourceTree = "<group>"; };
		C8A792DC25E06642009B862D /* Preview Assets.xcassets */ = {isa = PBXFileReference; lastKnownFileType = folder.assetcatalog; path = "Preview Assets.xcassets"; sourceTree = "<group>"; };
		C8A792DE25E06642009B862D /* Info.plist */ = {isa = PBXFileReference; lastKnownFileType = text.plist.xml; path = Info.plist; sourceTree = "<group>"; };
		C8DF065F26340F2C00645E8C /* Screenshots.xctest */ = {isa = PBXFileReference; explicitFileType = wrapper.cfbundle; includeInIndex = 0; path = Screenshots.xctest; sourceTree = BUILT_PRODUCTS_DIR; };
		C8EFC32E260010FA008E8CFA /* PrivateVault Import Action.appex */ = {isa = PBXFileReference; explicitFileType = "wrapper.app-extension"; includeInIndex = 0; path = "PrivateVault Import Action.appex"; sourceTree = BUILT_PRODUCTS_DIR; };
		C8EFC330260010FA008E8CFA /* Media.xcassets */ = {isa = PBXFileReference; lastKnownFileType = folder.assetcatalog; path = Media.xcassets; sourceTree = "<group>"; };
		C8EFC332260010FA008E8CFA /* ActionViewController.swift */ = {isa = PBXFileReference; lastKnownFileType = sourcecode.swift; path = ActionViewController.swift; sourceTree = "<group>"; };
		C8EFC337260010FA008E8CFA /* Info.plist */ = {isa = PBXFileReference; lastKnownFileType = text.plist.xml; path = Info.plist; sourceTree = "<group>"; };
		C8EFC341260014E5008E8CFA /* PrivateVault Import Action.entitlements */ = {isa = PBXFileReference; lastKnownFileType = text.plist.entitlements; path = "PrivateVault Import Action.entitlements"; sourceTree = "<group>"; };
		C8EFC36026001BAF008E8CFA /* Main.storyboard */ = {isa = PBXFileReference; lastKnownFileType = file.storyboard; path = Main.storyboard; sourceTree = "<group>"; };
/* End PBXFileReference section */

/* Begin PBXFileSystemSynchronizedRootGroup section */
		23405F218D87E2310ADC4B3E /* Packages */ = {
			isa = PBXFileSystemSynchronizedRootGroup;
			exceptions = (
			);
			path = Packages;
			sourceTree = "<group>";
		};
/* End PBXFileSystemSynchronizedRootGroup section */

/* Begin PBXFrameworksBuildPhase section */
		2B39CE2025E33B5200E63EDD /* Frameworks */ = {
			isa = PBXFrameworksBuildPhase;
			buildActionMask = 2147483647;
			files = (
				36AC71866FF7BA759E8FE221 /* Shared in Frameworks */,
			);
			runOnlyForDeploymentPostprocessing = 0;
		};
		C8A792CF25E06642009B862D /* Frameworks */ = {
			isa = PBXFrameworksBuildPhase;
			buildActionMask = 2147483647;
			files = (
				C86F9CC925EA667F00210F64 /* CloudKit.framework in Frameworks */,
				2F202C650254B1B74D428509 /* Application in Frameworks */,
			);
			runOnlyForDeploymentPostprocessing = 0;
		};
		C8DF065C26340F2C00645E8C /* Frameworks */ = {
			isa = PBXFrameworksBuildPhase;
			buildActionMask = 2147483647;
			files = (
			);
			runOnlyForDeploymentPostprocessing = 0;
		};
		C8EFC32B260010FA008E8CFA /* Frameworks */ = {
			isa = PBXFrameworksBuildPhase;
			buildActionMask = 2147483647;
			files = (
				A8CF4819B8431F308DE62B53 /* Persistence in Frameworks */,
			);
			runOnlyForDeploymentPostprocessing = 0;
		};
/* End PBXFrameworksBuildPhase section */

/* Begin PBXGroup section */
		2B39CE2425E33B5200E63EDD /* PrivateVaultTests */ = {
			isa = PBXGroup;
			children = (
				2B39CE2725E33B5200E63EDD /* Info.plist */,
				2B39CE2F25E33B8600E63EDD /* String+Tests.swift */,
			);
			path = PrivateVaultTests;
			sourceTree = "<group>";
		};
		C8102C9227CED7A600ABC77C /* Screenshots */ = {
			isa = PBXGroup;
			children = (
				C81B5DB52634703500CAC43F /* SnapshotHelper.swift */,
				C8102C9327CED7A600ABC77C /* Screenshots.swift */,
				C8102C9427CED7A600ABC77C /* Info.plist */,
			);
			path = Screenshots;
			sourceTree = "<group>";
		};
		C86F9CB525EA570600210F64 /* Sounds */ = {
			isa = PBXGroup;
			children = (
				C86F9CBC25EA604400210F64 /* Close.wav */,
				C86F9CC125EA60C100210F64 /* CloseLong.wav */,
				C86F9CBA25EA5AE900210F64 /* Denied.wav */,
				C86F9CBD25EA604400210F64 /* Open.wav */,
				C86F9CC025EA60C100210F64 /* OpenLong.wav */,
				C86F9CB625EA571700210F64 /* Success.wav */,
				C86F9CB825EA59BA00210F64 /* Tap.wav */,
			);
			path = Sounds;
			sourceTree = "<group>";
		};
		C86F9CC625EA666000210F64 /* Frameworks */ = {
			isa = PBXGroup;
			children = (
				C86F9CC825EA667F00210F64 /* CloudKit.framework */,
			);
			name = Frameworks;
			sourceTree = "<group>";
		};
		C87C772325FE013700EE6362 /* Config */ = {
			isa = PBXGroup;
			children = (
				2B39CDFD25E3290500E63EDD /* .swiftlint.yml */,
			);
			name = Config;
			sourceTree = "<group>";
		};
		C8A792C925E06642009B862D = {
			isa = PBXGroup;
			children = (
				C82FF3972610938400726A22 /* README.md */,
				C82FF3962610937C00726A22 /* LICENSE */,
				C8A792D425E06642009B862D /* PrivateVault App */,
				C8EFC32F260010FA008E8CFA /* PrivateVault Import Action */,
				2B39CE2425E33B5200E63EDD /* PrivateVaultTests */,
				C8102C9227CED7A600ABC77C /* Screenshots */,
				C87C772325FE013700EE6362 /* Config */,
				23405F218D87E2310ADC4B3E /* Packages */,
				C8A792D325E06642009B862D /* Products */,
				C86F9CC625EA666000210F64 /* Frameworks */,
			);
			sourceTree = "<group>";
			usesTabs = 1;
		};
		C8A792D325E06642009B862D /* Products */ = {
			isa = PBXGroup;
			children = (
				C8A792D225E06642009B862D /* PrivateVault.app */,
				2B39CE2325E33B5200E63EDD /* PrivateVaultTests.xctest */,
				C8EFC32E260010FA008E8CFA /* PrivateVault Import Action.appex */,
				C8DF065F26340F2C00645E8C /* Screenshots.xctest */,
			);
			name = Products;
			sourceTree = "<group>";
		};
		C8A792D425E06642009B862D /* PrivateVault App */ = {
			isa = PBXGroup;
			children = (
				C8A792E425E06693009B862D /* Code */,
				C8A792E525E06697009B862D /* Resources */,
				C8A792DB25E06642009B862D /* Preview Content */,
			);
			path = "PrivateVault App";
			sourceTree = "<group>";
		};
		C8A792DB25E06642009B862D /* Preview Content */ = {
			isa = PBXGroup;
			children = (
				C87A579C26037AD3002C6216 /* Model.sqlite */,
				C87A579B26037AD2002C6216 /* Model.sqlite-shm */,
				C87A579A26037AD2002C6216 /* Model.sqlite-wal */,
				C8A792DC25E06642009B862D /* Preview Assets.xcassets */,
			);
			path = "Preview Content";
			sourceTree = "<group>";
		};
		C8A792E425E06693009B862D /* Code */ = {
			isa = PBXGroup;
			children = (
				C8A792D525E06642009B862D /* PrivateVaultApp.swift */,
			);
			path = Code;
			sourceTree = "<group>";
		};
		C8A792E525E06697009B862D /* Resources */ = {
			isa = PBXGroup;
			children = (
				C86F9CB525EA570600210F64 /* Sounds */,
				C8A792D925E06642009B862D /* Assets.xcassets */,
				C83959C525E9D88C00521F83 /* PrivateVault.entitlements */,
				C8A792DE25E06642009B862D /* Info.plist */,
			);
			path = Resources;
			sourceTree = "<group>";
		};
		C8EFC32F260010FA008E8CFA /* PrivateVault Import Action */ = {
			isa = PBXGroup;
			children = (
				C8EFC33F260014A5008E8CFA /* Code */,
				C8EFC340260014AB008E8CFA /* Resources */,
			);
			path = "PrivateVault Import Action";
			sourceTree = "<group>";
		};
		C8EFC33F260014A5008E8CFA /* Code */ = {
			isa = PBXGroup;
			children = (
				C8EFC332260010FA008E8CFA /* ActionViewController.swift */,
			);
			path = Code;
			sourceTree = "<group>";
		};
		C8EFC340260014AB008E8CFA /* Resources */ = {
			isa = PBXGroup;
			children = (
				C8EFC337260010FA008E8CFA /* Info.plist */,
				C8EFC36026001BAF008E8CFA /* Main.storyboard */,
				C8EFC330260010FA008E8CFA /* Media.xcassets */,
				C8EFC341260014E5008E8CFA /* PrivateVault Import Action.entitlements */,
			);
			path = Resources;
			sourceTree = "<group>";
		};
/* End PBXGroup section */

/* Begin PBXNativeTarget section */
		2B39CE2225E33B5200E63EDD /* PrivateVaultTests */ = {
			isa = PBXNativeTarget;
			buildConfigurationList = 2B39CE2A25E33B5200E63EDD /* Build configuration list for PBXNativeTarget "PrivateVaultTests" */;
			buildPhases = (
				2B39CE1F25E33B5200E63EDD /* Sources */,
				2B39CE2025E33B5200E63EDD /* Frameworks */,
				2B39CE2125E33B5200E63EDD /* Resources */,
			);
			buildRules = (
			);
			dependencies = (
				2B39CE2925E33B5200E63EDD /* PBXTargetDependency */,
			);
			name = PrivateVaultTests;
			packageProductDependencies = (
				044403415FC44B42884C3CA8 /* Shared */,
			);
			productName = PrivateVaultTests;
			productReference = 2B39CE2325E33B5200E63EDD /* PrivateVaultTests.xctest */;
			productType = "com.apple.product-type.bundle.unit-test";
		};
		C8A792D125E06642009B862D /* PrivateVault */ = {
			isa = PBXNativeTarget;
			buildConfigurationList = C8A792E125E06642009B862D /* Build configuration list for PBXNativeTarget "PrivateVault" */;
			buildPhases = (
				C8A792CE25E06642009B862D /* Sources */,
				2B39CDFA25E327EF00E63EDD /* SwiftLint */,
				C8A792CF25E06642009B862D /* Frameworks */,
				C8A792D025E06642009B862D /* Resources */,
				C8EFC33B260010FA008E8CFA /* Embed App Extensions */,
			);
			buildRules = (
			);
			dependencies = (
				C8EFC339260010FA008E8CFA /* PBXTargetDependency */,
			);
			name = PrivateVault;
			packageProductDependencies = (
				C4161CE79845667C7E2E40E5 /* Application */,
			);
			productName = PrivateVault;
			productReference = C8A792D225E06642009B862D /* PrivateVault.app */;
			productType = "com.apple.product-type.application";
		};
		C8DF065E26340F2C00645E8C /* Screenshots */ = {
			isa = PBXNativeTarget;
			buildConfigurationList = C8DF066826340F2C00645E8C /* Build configuration list for PBXNativeTarget "Screenshots" */;
			buildPhases = (
				C8DF065B26340F2C00645E8C /* Sources */,
				C8DF065C26340F2C00645E8C /* Frameworks */,
				C8DF065D26340F2C00645E8C /* Resources */,
			);
			buildRules = (
			);
			dependencies = (
				C8DF066526340F2C00645E8C /* PBXTargetDependency */,
			);
			name = Screenshots;
			productName = Screenshots;
			productReference = C8DF065F26340F2C00645E8C /* Screenshots.xctest */;
			productType = "com.apple.product-type.bundle.ui-testing";
		};
		C8EFC32D260010FA008E8CFA /* PrivateVault Import Action */ = {
			isa = PBXNativeTarget;
			buildConfigurationList = C8EFC33E260010FA008E8CFA /* Build configuration list for PBXNativeTarget "PrivateVault Import Action" */;
			buildPhases = (
				C8EFC32A260010FA008E8CFA /* Sources */,
				C8EFC32B260010FA008E8CFA /* Frameworks */,
				C8EFC32C260010FA008E8CFA /* Resources */,
			);
			buildRules = (
			);
			dependencies = (
			);
			name = "PrivateVault Import Action";
			packageProductDependencies = (
				5A9B86A1C781E4B5B5D9C394 /* Persistence */,
			);
			productName = "PrivateVault Import Action";
			productReference = C8EFC32E260010FA008E8CFA /* PrivateVault Import Action.appex */;
			productType = "com.apple.product-type.app-extension";
		};
/* End PBXNativeTarget section */

/* Begin PBXProject section */
		C8A792CA25E06642009B862D /* Project object */ = {
			isa = PBXProject;
			attributes = {
				LastSwiftUpdateCheck = 1250;
				LastUpgradeCheck = 1250;
				TargetAttributes = {
					2B39CE2225E33B5200E63EDD = {
						CreatedOnToolsVersion = 12.4;
						TestTargetID = C8A792D125E06642009B862D;
					};
					C8A792D125E06642009B862D = {
						CreatedOnToolsVersion = 12.5;
					};
					C8DF065E26340F2C00645E8C = {
						CreatedOnToolsVersion = 12.5;
						TestTargetID = C8A792D125E06642009B862D;
					};
					C8EFC32D260010FA008E8CFA = {
						CreatedOnToolsVersion = 12.5;
					};
				};
			};
			buildConfigurationList = C8A792CD25E06642009B862D /* Build configuration list for PBXProject "PrivateVault" */;
			compatibilityVersion = "Xcode 14.0";
			developmentRegion = en;
			hasScannedForEncodings = 0;
			knownRegions = (
				en,
				Base,
			);
			mainGroup = C8A792C925E06642009B862D;
			productRefGroup = C8A792D325E06642009B862D /* Products */;
			projectDirPath = "";
			projectRoot = "";
			targets = (
				C8A792D125E06642009B862D /* PrivateVault */,
				C8EFC32D260010FA008E8CFA /* PrivateVault Import Action */,
				2B39CE2225E33B5200E63EDD /* PrivateVaultTests */,
				C8DF065E26340F2C00645E8C /* Screenshots */,
			);
		};
/* End PBXProject section */

/* Begin PBXResourcesBuildPhase section */
		2B39CE2125E33B5200E63EDD /* Resources */ = {
			isa = PBXResourcesBuildPhase;
			buildActionMask = 2147483647;
			files = (
			);
			runOnlyForDeploymentPostprocessing = 0;
		};
		C8A792D025E06642009B862D /* Resources */ = {
			isa = PBXResourcesBuildPhase;
			buildActionMask = 2147483647;
			files = (
				C86F9CB725EA571700210F64 /* Success.wav in Resources */,
				C87A579D26037AD3002C6216 /* Model.sqlite-wal in Resources */,
				C87A579F26037AD3002C6216 /* Model.sqlite in Resources */,
				2B39CDFE25E3290500E63EDD /* .swiftlint.yml in Resources */,
				C86F9CB925EA59BA00210F64 /* Tap.wav in Resources */,
				C8A792DD25E06642009B862D /* Preview Assets.xcassets in Resources */,
				C8A792DA25E06642009B862D /* Assets.xcassets in Resources */,
				C86F9CC325EA60C100210F64 /* CloseLong.wav in Resources */,
				C86F9CBE25EA604400210F64 /* Close.wav in Resources */,
				C86F9CBF25EA604400210F64 /* Open.wav in Resources */,
				C86F9CBB25EA5AE900210F64 /* Denied.wav in Resources */,
				C87A579E26037AD3002C6216 /* Model.sqlite-shm in Resources */,
				C86F9CC225EA60C100210F64 /* OpenLong.wav in Resources */,
			);
			runOnlyForDeploymentPostprocessing = 0;
		};
		C8DF065D26340F2C00645E8C /* Resources */ = {
			isa = PBXResourcesBuildPhase;
			buildActionMask = 2147483647;
			files = (
			);
			runOnlyForDeploymentPostprocessing = 0;
		};
		C8EFC32C260010FA008E8CFA /* Resources */ = {
			isa = PBXResourcesBuildPhase;
			buildActionMask = 2147483647;
			files = (
				C8EFC331260010FA008E8CFA /* Media.xcassets in Resources */,
				C8EFC36126001BAF008E8CFA /* Main.storyboard in Resources */,
			);
			runOnlyForDeploymentPostprocessing = 0;
		};
/* End PBXResourcesBuildPhase section */

/* Begin PBXShellScriptBuildPhase section */
		2B39CDFA25E327EF00E63EDD /* SwiftLint */ = {
			isa = PBXShellScriptBuildPhase;
			alwaysOutOfDate = 1;
			buildActionMask = 2147483647;
			files = (
			);
			inputFileListPaths = (
			);
			inputPaths = (
			);
			name = SwiftLint;
			outputFileListPaths = (
			);
			outputPaths = (
			);
			runOnlyForDeploymentPostprocessing = 0;
			shellPath = /bin/sh;
			shellScript = "if which swiftlint >/dev/null; then\n  swiftlint lint --config \"$PROJECT_DIR/.swiftlint.yml\" \"$PROJECT_DIR/$TARGET_NAME\"* \"$PROJECT_DIR/Packages\"\nelse\n  echo \"warning: SwiftLint not installed, download from https://github.com/realm/SwiftLint\"\nfi\n";
		};
/* End PBXShellScriptBuildPhase section */

/* Begin PBXSourcesBuildPhase section */
		2B39CE1F25E33B5200E63EDD /* Sources */ = {
			isa = PBXSourcesBuildPhase;
			buildActionMask = 2147483647;
			files = (
				2B39CE3025E33B8600E63EDD /* String+Tests.swift in Sources */,
			);
			runOnlyForDeploymentPostprocessing = 0;
		};
		C8A792CE25E06642009B862D /* Sources */ = {
			isa = PBXSourcesBuildPhase;
			buildActionMask = 2147483647;
			files = (
				C8A792D625E06642009B862D /* PrivateVaultApp.swift in Sources */,
			);
			runOnlyForDeploymentPostprocessing = 0;
		};
		C8DF065B26340F2C00645E8C /* Sources */ = {
			isa = PBXSourcesBuildPhase;
			buildActionMask = 2147483647;
			files = (
				C8102C9527CED7A600ABC77C /* Screenshots.swift in Sources */,
				C81B5DB62634703500CAC43F /* SnapshotHelper.swift in Sources */,
			);
			runOnlyForDeploymentPostprocessing = 0;
		};
		C8EFC32A260010FA008E8CFA /* Sources */ = {
			isa = PBXSourcesBuildPhase;
			buildActionMask = 2147483647;
			files = (
				C8EFC333260010FA008E8CFA /* ActionViewController.swift in Sources */,
			);
			runOnlyForDeploymentPostprocessing = 0;
		};
/* End PBXSourcesBuildPhase section */

/* Begin PBXTargetDependency section */
		2B39CE2925E33B5200E63EDD /* PBXTargetDependency */ = {
			isa = PBXTargetDependency;
			target = C8A792D125E06642009B862D /* PrivateVault */;
			targetProxy = 2B39CE2825E33B5200E63EDD /* PBXContainerItemProxy */;
		};
		C8DF066526340F2C00645E8C /* PBXTargetDependency */ = {
			isa = PBXTargetDependency;
			target = C8A792D125E06642009B862D /* PrivateVault */;
			targetProxy = C8DF066426340F2C00645E8C /* PBXContainerItemProxy */;
		};
		C8EFC339260010FA008E8CFA /* PBXTargetDependency */ = {
			isa = PBXTargetDependency;
			target = C8EFC32D260010FA008E8CFA /* PrivateVault Import Action */;
			targetProxy = C8EFC338260010FA008E8CFA /* PBXContainerItemProxy */;
		};
/* End PBXTargetDependency section */

/* Begin XCBuildConfiguration section */
		2B39CE2B25E33B5200E63EDD /* Debug */ = {
			isa = XCBuildConfiguration;
			buildSettings = {
				BUNDLE_LOADER = "$(TEST_HOST)";
				CODE_SIGN_STYLE = Automatic;
				INFOPLIST_FILE = PrivateVaultTests/Info.plist;
				LD_RUNPATH_SEARCH_PATHS = (
					"$(inherited)",
					"@executable_path/Frameworks",
					"@loader_path/Frameworks",
				);
				PRODUCT_BUNDLE_IDENTIFIER = com.emiliopelaez.PrivateVaultTests;
				PRODUCT_NAME = "$(TARGET_NAME)";
				SWIFT_VERSION = 5.0;
				TARGETED_DEVICE_FAMILY = "1,2";
				TEST_HOST = "$(BUILT_PRODUCTS_DIR)/PrivateVault.app/PrivateVault";
			};
			name = Debug;
		};
		2B39CE2C25E33B5200E63EDD /* Release */ = {
			isa = XCBuildConfiguration;
			buildSettings = {
				BUNDLE_LOADER = "$(TEST_HOST)";
				CODE_SIGN_STYLE = Automatic;
				INFOPLIST_FILE = PrivateVaultTests/Info.plist;
				LD_RUNPATH_SEARCH_PATHS = (
					"$(inherited)",
					"@executable_path/Frameworks",
					"@loader_path/Frameworks",
				);
				PRODUCT_BUNDLE_IDENTIFIER = com.emiliopelaez.PrivateVaultTests;
				PRODUCT_NAME = "$(TARGET_NAME)";
				SWIFT_VERSION = 5.0;
				TARGETED_DEVICE_FAMILY = "1,2";
				TEST_HOST = "$(BUILT_PRODUCTS_DIR)/PrivateVault.app/PrivateVault";
			};
			name = Release;
		};
		C8A792DF25E06642009B862D /* Debug */ = {
			isa = XCBuildConfiguration;
			buildSettings = {
				ALWAYS_SEARCH_USER_PATHS = NO;
				CLANG_ANALYZER_NONNULL = YES;
				CLANG_ANALYZER_NUMBER_OBJECT_CONVERSION = YES_AGGRESSIVE;
				CLANG_CXX_LANGUAGE_STANDARD = "gnu++14";
				CLANG_CXX_LIBRARY = "libc++";
				CLANG_ENABLE_MODULES = YES;
				CLANG_ENABLE_OBJC_ARC = YES;
				CLANG_ENABLE_OBJC_WEAK = YES;
				CLANG_WARN_BLOCK_CAPTURE_AUTORELEASING = YES;
				CLANG_WARN_BOOL_CONVERSION = YES;
				CLANG_WARN_COMMA = YES;
				CLANG_WARN_CONSTANT_CONVERSION = YES;
				CLANG_WARN_DEPRECATED_OBJC_IMPLEMENTATIONS = YES;
				CLANG_WARN_DIRECT_OBJC_ISA_USAGE = YES_ERROR;
				CLANG_WARN_DOCUMENTATION_COMMENTS = YES;
				CLANG_WARN_EMPTY_BODY = YES;
				CLANG_WARN_ENUM_CONVERSION = YES;
				CLANG_WARN_INFINITE_RECURSION = YES;
				CLANG_WARN_INT_CONVERSION = YES;
				CLANG_WARN_NON_LITERAL_NULL_CONVERSION = YES;
				CLANG_WARN_OBJC_IMPLICIT_RETAIN_SELF = YES;
				CLANG_WARN_OBJC_LITERAL_CONVERSION = YES;
				CLANG_WARN_OBJC_ROOT_CLASS = YES_ERROR;
				CLANG_WARN_QUOTED_INCLUDE_IN_FRAMEWORK_HEADER = YES;
				CLANG_WARN_RANGE_LOOP_ANALYSIS = YES;
				CLANG_WARN_STRICT_PROTOTYPES = YES;
				CLANG_WARN_SUSPICIOUS_MOVE = YES;
				CLANG_WARN_UNGUARDED_AVAILABILITY = YES_AGGRESSIVE;
				CLANG_WARN_UNREACHABLE_CODE = YES;
				CLANG_WARN__DUPLICATE_METHOD_MATCH = YES;
				COPY_PHASE_STRIP = NO;
				CURRENT_PROJECT_VERSION = 7;
				DEBUG_INFORMATION_FORMAT = dwarf;
				ENABLE_STRICT_OBJC_MSGSEND = YES;
				ENABLE_TESTABILITY = YES;
				GCC_C_LANGUAGE_STANDARD = gnu11;
				GCC_DYNAMIC_NO_PIC = NO;
				GCC_NO_COMMON_BLOCKS = YES;
				GCC_OPTIMIZATION_LEVEL = 0;
				GCC_PREPROCESSOR_DEFINITIONS = (
					"DEBUG=1",
					"$(inherited)",
				);
				GCC_WARN_64_TO_32_BIT_CONVERSION = YES;
				GCC_WARN_ABOUT_RETURN_TYPE = YES_ERROR;
				GCC_WARN_UNDECLARED_SELECTOR = YES;
				GCC_WARN_UNINITIALIZED_AUTOS = YES_AGGRESSIVE;
				GCC_WARN_UNUSED_FUNCTION = YES;
				GCC_WARN_UNUSED_VARIABLE = YES;
				IPHONEOS_DEPLOYMENT_TARGET = "$(RECOMMENDED_IPHONEOS_DEPLOYMENT_TARGET)";
				MACOSX_DEPLOYMENT_TARGET = "$(RECOMMENDED_MACOSX_DEPLOYMENT_TARGET)";
				MARKETING_NAME = Capsule;
				MARKETING_VERSION = 1.1;
				MTL_ENABLE_DEBUG_INFO = INCLUDE_SOURCE;
				MTL_FAST_MATH = YES;
				ONLY_ACTIVE_ARCH = YES;
				SDKROOT = iphoneos;
				SWIFT_ACTIVE_COMPILATION_CONDITIONS = DEBUG;
				SWIFT_OPTIMIZATION_LEVEL = "-Onone";
				TVOS_DEPLOYMENT_TARGET = "$(RECOMMENDED_TVOS_DEPLOYMENT_TARGET)";
				WATCHOS_DEPLOYMENT_TARGET = "$(RECOMMENDED_WATCHOS_DEPLOYMENT_TARGET)";
				XROS_DEPLOYMENT_TARGET = "$(RECOMMENDED_XROS_DEPLOYMENT_TARGET)";
			};
			name = Debug;
		};
		C8A792E025E06642009B862D /* Release */ = {
			isa = XCBuildConfiguration;
			buildSettings = {
				ALWAYS_SEARCH_USER_PATHS = NO;
				CLANG_ANALYZER_NONNULL = YES;
				CLANG_ANALYZER_NUMBER_OBJECT_CONVERSION = YES_AGGRESSIVE;
				CLANG_CXX_LANGUAGE_STANDARD = "gnu++14";
				CLANG_CXX_LIBRARY = "libc++";
				CLANG_ENABLE_MODULES = YES;
				CLANG_ENABLE_OBJC_ARC = YES;
				CLANG_ENABLE_OBJC_WEAK = YES;
				CLANG_WARN_BLOCK_CAPTURE_AUTORELEASING = YES;
				CLANG_WARN_BOOL_CONVERSION = YES;
				CLANG_WARN_COMMA = YES;
				CLANG_WARN_CONSTANT_CONVERSION = YES;
				CLANG_WARN_DEPRECATED_OBJC_IMPLEMENTATIONS = YES;
				CLANG_WARN_DIRECT_OBJC_ISA_USAGE = YES_ERROR;
				CLANG_WARN_DOCUMENTATION_COMMENTS = YES;
				CLANG_WARN_EMPTY_BODY = YES;
				CLANG_WARN_ENUM_CONVERSION = YES;
				CLANG_WARN_INFINITE_RECURSION = YES;
				CLANG_WARN_INT_CONVERSION = YES;
				CLANG_WARN_NON_LITERAL_NULL_CONVERSION = YES;
				CLANG_WARN_OBJC_IMPLICIT_RETAIN_SELF = YES;
				CLANG_WARN_OBJC_LITERAL_CONVERSION = YES;
				CLANG_WARN_OBJC_ROOT_CLASS = YES_ERROR;
				CLANG_WARN_QUOTED_INCLUDE_IN_FRAMEWORK_HEADER = YES;
				CLANG_WARN_RANGE_LOOP_ANALYSIS = YES;
				CLANG_WARN_STRICT_PROTOTYPES = YES;
				CLANG_WARN_SUSPICIOUS_MOVE = YES;
				CLANG_WARN_UNGUARDED_AVAILABILITY = YES_AGGRESSIVE;
				CLANG_WARN_UNREACHABLE_CODE = YES;
				CLANG_WARN__DUPLICATE_METHOD_MATCH = YES;
				COPY_PHASE_STRIP = NO;
				CURRENT_PROJECT_VERSION = 7;
				DEBUG_INFORMATION_FORMAT = "dwarf-with-dsym";
				ENABLE_NS_ASSERTIONS = NO;
				ENABLE_STRICT_OBJC_MSGSEND = YES;
				GCC_C_LANGUAGE_STANDARD = gnu11;
				GCC_NO_COMMON_BLOCKS = YES;
				GCC_WARN_64_TO_32_BIT_CONVERSION = YES;
				GCC_WARN_ABOUT_RETURN_TYPE = YES_ERROR;
				GCC_WARN_UNDECLARED_SELECTOR = YES;
				GCC_WARN_UNINITIALIZED_AUTOS = YES_AGGRESSIVE;
				GCC_WARN_UNUSED_FUNCTION = YES;
				GCC_WARN_UNUSED_VARIABLE = YES;
				IPHONEOS_DEPLOYMENT_TARGET = "$(RECOMMENDED_IPHONEOS_DEPLOYMENT_TARGET)";
				MACOSX_DEPLOYMENT_TARGET = "$(RECOMMENDED_MACOSX_DEPLOYMENT_TARGET)";
				MARKETING_NAME = Capsule;
				MARKETING_VERSION = 1.1;
				MTL_ENABLE_DEBUG_INFO = NO;
				MTL_FAST_MATH = YES;
				SDKROOT = iphoneos;
				SWIFT_COMPILATION_MODE = wholemodule;
				SWIFT_OPTIMIZATION_LEVEL = "-O";
				TVOS_DEPLOYMENT_TARGET = "$(RECOMMENDED_TVOS_DEPLOYMENT_TARGET)";
				VALIDATE_PRODUCT = YES;
				WATCHOS_DEPLOYMENT_TARGET = "$(RECOMMENDED_WATCHOS_DEPLOYMENT_TARGET)";
				XROS_DEPLOYMENT_TARGET = "$(RECOMMENDED_XROS_DEPLOYMENT_TARGET)";
			};
			name = Release;
		};
		C8A792E225E06642009B862D /* Debug */ = {
			isa = XCBuildConfiguration;
			buildSettings = {
				ALWAYS_EMBED_SWIFT_STANDARD_LIBRARIES = YES;
				ASSETCATALOG_COMPILER_APPICON_NAME = AppIcon;
				ASSETCATALOG_COMPILER_GLOBAL_ACCENT_COLOR_NAME = AccentColor;
				CODE_SIGN_ENTITLEMENTS = "PrivateVault App/Resources/PrivateVault.entitlements";
				CODE_SIGN_STYLE = Automatic;
				DEVELOPMENT_ASSET_PATHS = "\"PrivateVault App/Preview Content\"";
				DEVELOPMENT_TEAM = FS696NSBK7;
				ENABLE_PREVIEWS = YES;
				INFOPLIST_FILE = "PrivateVault App/Resources/Info.plist";
				LD_RUNPATH_SEARCH_PATHS = (
					"$(inherited)",
					"@executable_path/Frameworks",
				);
				MARKETING_NAME = Vault;
				PRODUCT_BUNDLE_IDENTIFIER = "com.emiliopelaez.Private-Vault";
				PRODUCT_NAME = "$(TARGET_NAME)";
				SWIFT_VERSION = 5.0;
				TARGETED_DEVICE_FAMILY = "1,2";
			};
			name = Debug;
		};
		C8A792E325E06642009B862D /* Release */ = {
			isa = XCBuildConfiguration;
			buildSettings = {
				ALWAYS_EMBED_SWIFT_STANDARD_LIBRARIES = YES;
				ASSETCATALOG_COMPILER_APPICON_NAME = AppIcon;
				ASSETCATALOG_COMPILER_GLOBAL_ACCENT_COLOR_NAME = AccentColor;
				CODE_SIGN_ENTITLEMENTS = "PrivateVault App/Resources/PrivateVault.entitlements";
				CODE_SIGN_STYLE = Automatic;
				DEVELOPMENT_ASSET_PATHS = "\"PrivateVault App/Preview Content\"";
				DEVELOPMENT_TEAM = FS696NSBK7;
				ENABLE_PREVIEWS = YES;
				INFOPLIST_FILE = "PrivateVault App/Resources/Info.plist";
				LD_RUNPATH_SEARCH_PATHS = (
					"$(inherited)",
					"@executable_path/Frameworks",
				);
				MARKETING_NAME = Vault;
				PRODUCT_BUNDLE_IDENTIFIER = "com.emiliopelaez.Private-Vault";
				PRODUCT_NAME = "$(TARGET_NAME)";
				SWIFT_VERSION = 5.0;
				TARGETED_DEVICE_FAMILY = "1,2";
			};
			name = Release;
		};
		C8DF066626340F2C00645E8C /* Debug */ = {
			isa = XCBuildConfiguration;
			buildSettings = {
				CODE_SIGN_STYLE = Automatic;
				DEVELOPMENT_TEAM = FS696NSBK7;
				INFOPLIST_FILE = Screenshots/Info.plist;
				LD_RUNPATH_SEARCH_PATHS = (
					"$(inherited)",
					"@executable_path/Frameworks",
					"@loader_path/Frameworks",
				);
				PRODUCT_BUNDLE_IDENTIFIER = com.emiliopelaez.Screenshots;
				PRODUCT_NAME = "$(TARGET_NAME)";
				SWIFT_VERSION = 5.0;
				TARGETED_DEVICE_FAMILY = "1,2";
				TEST_TARGET_NAME = PrivateVault;
			};
			name = Debug;
		};
		C8DF066726340F2C00645E8C /* Release */ = {
			isa = XCBuildConfiguration;
			buildSettings = {
				CODE_SIGN_STYLE = Automatic;
				DEVELOPMENT_TEAM = FS696NSBK7;
				INFOPLIST_FILE = Screenshots/Info.plist;
				LD_RUNPATH_SEARCH_PATHS = (
					"$(inherited)",
					"@executable_path/Frameworks",
					"@loader_path/Frameworks",
				);
				PRODUCT_BUNDLE_IDENTIFIER = com.emiliopelaez.Screenshots;
				PRODUCT_NAME = "$(TARGET_NAME)";
				SWIFT_VERSION = 5.0;
				TARGETED_DEVICE_FAMILY = "1,2";
				TEST_TARGET_NAME = PrivateVault;
			};
			name = Release;
		};
		C8EFC33C260010FA008E8CFA /* Debug */ = {
			isa = XCBuildConfiguration;
			buildSettings = {
				ASSETCATALOG_COMPILER_APPICON_NAME = ExtensionIcon;
				CODE_SIGN_ENTITLEMENTS = "PrivateVault Import Action/Resources/PrivateVault Import Action.entitlements";
				CODE_SIGN_STYLE = Automatic;
				DEVELOPMENT_TEAM = FS696NSBK7;
				INFOPLIST_FILE = "PrivateVault Import Action/Resources/Info.plist";
				LD_RUNPATH_SEARCH_PATHS = (
					"$(inherited)",
					"@executable_path/Frameworks",
					"@executable_path/../../Frameworks",
				);
				PRODUCT_BUNDLE_IDENTIFIER = "com.emiliopelaez.Private-Vault.PrivateVault-Import-Action";
				PRODUCT_NAME = "$(TARGET_NAME)";
				SKIP_INSTALL = YES;
				SWIFT_VERSION = 5.0;
				TARGETED_DEVICE_FAMILY = "1,2";
			};
			name = Debug;
		};
		C8EFC33D260010FA008E8CFA /* Release */ = {
			isa = XCBuildConfiguration;
			buildSettings = {
				ASSETCATALOG_COMPILER_APPICON_NAME = ExtensionIcon;
				CODE_SIGN_ENTITLEMENTS = "PrivateVault Import Action/Resources/PrivateVault Import Action.entitlements";
				CODE_SIGN_STYLE = Automatic;
				DEVELOPMENT_TEAM = FS696NSBK7;
				INFOPLIST_FILE = "PrivateVault Import Action/Resources/Info.plist";
				LD_RUNPATH_SEARCH_PATHS = (
					"$(inherited)",
					"@executable_path/Frameworks",
					"@executable_path/../../Frameworks",
				);
				PRODUCT_BUNDLE_IDENTIFIER = "com.emiliopelaez.Private-Vault.PrivateVault-Import-Action";
				PRODUCT_NAME = "$(TARGET_NAME)";
				SKIP_INSTALL = YES;
				SWIFT_VERSION = 5.0;
				TARGETED_DEVICE_FAMILY = "1,2";
			};
			name = Release;
		};
/* End XCBuildConfiguration section */

/* Begin XCConfigurationList section */
		2B39CE2A25E33B5200E63EDD /* Build configuration list for PBXNativeTarget "PrivateVaultTests" */ = {
			isa = XCConfigurationList;
			buildConfigurations = (
				2B39CE2B25E33B5200E63EDD /* Debug */,
				2B39CE2C25E33B5200E63EDD /* Release */,
			);
			defaultConfigurationIsVisible = 0;
			defaultConfigurationName = Release;
		};
		C8A792CD25E06642009B862D /* Build configuration list for PBXProject "PrivateVault" */ = {
			isa = XCConfigurationList;
			buildConfigurations = (
				C8A792DF25E06642009B862D /* Debug */,
				C8A792E025E06642009B862D /* Release */,
			);
			defaultConfigurationIsVisible = 0;
			defaultConfigurationName = Release;
		};
		C8A792E125E06642009B862D /* Build configuration list for PBXNativeTarget "PrivateVault" */ = {
			isa = XCConfigurationList;
			buildConfigurations = (
				C8A792E225E06642009B862D /* Debug */,
				C8A792E325E06642009B862D /* Release */,
			);
			defaultConfigurationIsVisible = 0;
			defaultConfigurationName = Release;
		};
		C8DF066826340F2C00645E8C /* Build configuration list for PBXNativeTarget "Screenshots" */ = {
			isa = XCConfigurationList;
			buildConfigurations = (
				C8DF066626340F2C00645E8C /* Debug */,
				C8DF066726340F2C00645E8C /* Release */,
			);
			defaultConfigurationIsVisible = 0;
			defaultConfigurationName = Release;
		};
		C8EFC33E260010FA008E8CFA /* Build configuration list for PBXNativeTarget "PrivateVault Import Action" */ = {
			isa = XCConfigurationList;
			buildConfigurations = (
				C8EFC33C260010FA008E8CFA /* Debug */,
				C8EFC33D260010FA008E8CFA /* Release */,
			);
			defaultConfigurationIsVisible = 0;
			defaultConfigurationName = Release;
		};
/* End XCConfigurationList section */

/* Begin XCSwiftPackageProductDependency section */
		044403415FC44B42884C3CA8 /* Shared */ = {
			isa = XCSwiftPackageProductDependency;
			productName = Shared;
		};
		5A9B86A1C781E4B5B5D9C394 /* Persistence */ = {
			isa = XCSwiftPackageProductDependency;
			productName = Persistence;
		};
		C4161CE79845667C7E2E40E5 /* Application */ = {
			isa = XCSwiftPackageProductDependency;
			productName = Application;
		};
/* End XCSwiftPackageProductDependency section */
	};
	rootObject = C8A792CA25E06642009B862D /* Project object */;
}
