{
  "originHash" : "0ece8d619ce65746f9b99ac555d3e6e56c15c2535763a0d8b18ed3ed7cd5be06",
  "pins" : [
    {
      "identity" : "cgmath",
      "kind" : "remoteSourceControl",
      "location" : "https://github.com/EmilioPelaez/CGMath",
      "state" : {
        "revision" : "3c67235bca4719249647b80c46aa02bf30a5b780",
        "version" : "1.0.5"
      }
    },
    {
      "identity" : "hierarchyresponder",
      "kind" : "remoteSourceControl",
      "location" : "https://github.com/EmilioPelaez/HierarchyResponder",
      "state" : {
        "revision" : "df62cd74bb7bbe086f49189f5d2b8da1fba6ec41",
        "version" : "1.2.1"
      }
    },
    {
      "identity" : "keychainaccess",
      "kind" : "remoteSourceControl",
      "location" : "https://github.com/kishikawakatsumi/KeychainAccess",
      "state" : {
        "revision" : "84e546727d66f1adc5439debad16270d0fdd04e7",
        "version" : "4.2.2"
      }
    },
    {
      "identity" : "toolkit",
      "kind" : "remoteSourceControl",
      "location" : "https://github.com/EmilioPelaez/ToolKit",
      "state" : {
        "revision" : "855c3effb3da3b583093f046ab22b1262dfead82",
        "version" : "0.3.1"
      }
    }
  ],
  "version" : 3
}
